
Microsoft Visual Studio Solution File, Format Version 12.00
Project("{FAE04EC0-301F-11D3-BF4B-00C04F79EFBC}") = "tap-assignment", "tap-assignment.csproj", "{FEDD1C8D-7872-4946-97C2-78D5E0E9465D}"
EndProject
Project("{FAE04EC0-301F-11D3-BF4B-00C04F79EFBC}") = "TapAssignment.Tests", "TapAssignment.Tests\TapAssignment.Tests.csproj", "{056309BD-A58A-48DF-BB53-68CCCA8F2306}"
EndProject
Global
	GlobalSection(SolutionConfigurationPlatforms) = preSolution
		Debug|Any CPU = Debug|Any CPU
		Debug|x64 = Debug|x64
		Debug|x86 = Debug|x86
		Release|Any CPU = Release|Any CPU
		Release|x64 = Release|x64
		Release|x86 = Release|x86
	EndGlobalSection
	GlobalSection(ProjectConfigurationPlatforms) = postSolution
		{FEDD1C8D-7872-4946-97C2-78D5E0E9465D}.Debug|Any CPU.ActiveCfg = Debug|Any CPU
		{FEDD1C8D-7872-4946-97C2-78D5E0E9465D}.Debug|Any CPU.Build.0 = Debug|Any CPU
		{FEDD1C8D-7872-4946-97C2-78D5E0E9465D}.Debug|x64.ActiveCfg = Debug|Any CPU
		{FEDD1C8D-7872-4946-97C2-78D5E0E9465D}.Debug|x64.Build.0 = Debug|Any CPU
		{FEDD1C8D-7872-4946-97C2-78D5E0E9465D}.Debug|x86.ActiveCfg = Debug|Any CPU
		{FEDD1C8D-7872-4946-97C2-78D5E0E9465D}.Debug|x86.Build.0 = Debug|Any CPU
		{FEDD1C8D-7872-4946-97C2-78D5E0E9465D}.Release|Any CPU.ActiveCfg = Release|Any CPU
		{FEDD1C8D-7872-4946-97C2-78D5E0E9465D}.Release|Any CPU.Build.0 = Release|Any CPU
		{FEDD1C8D-7872-4946-97C2-78D5E0E9465D}.Release|x64.ActiveCfg = Release|Any CPU
		{FEDD1C8D-7872-4946-97C2-78D5E0E9465D}.Release|x64.Build.0 = Release|Any CPU
		{FEDD1C8D-7872-4946-97C2-78D5E0E9465D}.Release|x86.ActiveCfg = Release|Any CPU
		{FEDD1C8D-7872-4946-97C2-78D5E0E9465D}.Release|x86.Build.0 = Release|Any CPU
		{056309BD-A58A-48DF-BB53-68CCCA8F2306}.Debug|Any CPU.ActiveCfg = Debug|Any CPU
		{056309BD-A58A-48DF-BB53-68CCCA8F2306}.Debug|Any CPU.Build.0 = Debug|Any CPU
		{056309BD-A58A-48DF-BB53-68CCCA8F2306}.Debug|x64.ActiveCfg = Debug|Any CPU
		{056309BD-A58A-48DF-BB53-68CCCA8F2306}.Debug|x64.Build.0 = Debug|Any CPU
		{056309BD-A58A-48DF-BB53-68CCCA8F2306}.Debug|x86.ActiveCfg = Debug|Any CPU
		{056309BD-A58A-48DF-BB53-68CCCA8F2306}.Debug|x86.Build.0 = Debug|Any CPU
		{056309BD-A58A-48DF-BB53-68CCCA8F2306}.Release|Any CPU.ActiveCfg = Release|Any CPU
		{056309BD-A58A-48DF-BB53-68CCCA8F2306}.Release|Any CPU.Build.0 = Release|Any CPU
		{056309BD-A58A-48DF-BB53-68CCCA8F2306}.Release|x64.ActiveCfg = Release|Any CPU
		{056309BD-A58A-48DF-BB53-68CCCA8F2306}.Release|x64.Build.0 = Release|Any CPU
		{056309BD-A58A-48DF-BB53-68CCCA8F2306}.Release|x86.ActiveCfg = Release|Any CPU
		{056309BD-A58A-48DF-BB53-68CCCA8F2306}.Release|x86.Build.0 = Release|Any CPU
	EndGlobalSection
	GlobalSection(SolutionProperties) = preSolution
		HideSolutionNode = FALSE
	EndGlobalSection
EndGlobal
